
Microsoft Visual Studio Solution File, Format Version 12.00
# Visual Studio 15
VisualStudioVersion = 15.0.26124.0
MinimumVisualStudioVersion = 15.0.26124.0
Project("{2150E333-8FDC-42A3-9474-1A3956D46DE8}") = "src", "src", "{33D69D40-D1CC-49A2-868F-A61315B369ED}"
EndProject
Project("{FAE04EC0-301F-11D3-BF4B-00C04F79EFBC}") = "SimpleIdentity", "src\SimpleIdentity\SimpleIdentity.csproj", "{618F52E2-40E5-46F6-BEDF-23C835A6B0EA}"
EndProject
Project("{FAE04EC0-301F-11D3-BF4B-00C04F79EFBC}") = "Api", "src\Api\Api.csproj", "{B64C1B6A-0E4A-4238-8CB1-8DC3AFD26864}"
EndProject
Project("{FAE04EC0-301F-11D3-BF4B-00C04F79EFBC}") = "Client", "src\Client\Client.csproj", "{2FA62752-4FB2-4FC6-941E-274F8E77170B}"
EndProject
Project("{FAE04EC0-301F-11D3-BF4B-00C04F79EFBC}") = "ClientPwd", "src\ClientPwd\ClientPwd.csproj", "{0D04EE38-6A7F-4675-97A5-87A693883E91}"
EndProject
Project("{FAE04EC0-301F-11D3-BF4B-00C04F79EFBC}") = "ClientMvc", "src\ClientMvc\ClientMvc.csproj", "{11CBB362-4B67-4C80-83B9-664DB7859CA3}"
EndProject
Project("{FAE04EC0-301F-11D3-BF4B-00C04F79EFBC}") = "ClientJavaScript", "src\ClientJavaScript\ClientJavaScript.csproj", "{B4C4EE8B-B379-4BF8-A2A8-F8C8AFEEB8C5}"
EndProject
Global
	GlobalSection(SolutionConfigurationPlatforms) = preSolution
		Debug|Any CPU = Debug|Any CPU
		Debug|x64 = Debug|x64
		Debug|x86 = Debug|x86
		Release|Any CPU = Release|Any CPU
		Release|x64 = Release|x64
		Release|x86 = Release|x86
	EndGlobalSection
	GlobalSection(SolutionProperties) = preSolution
		HideSolutionNode = FALSE
	EndGlobalSection
	GlobalSection(ProjectConfigurationPlatforms) = postSolution
		{618F52E2-40E5-46F6-BEDF-23C835A6B0EA}.Debug|Any CPU.ActiveCfg = Debug|Any CPU
		{618F52E2-40E5-46F6-BEDF-23C835A6B0EA}.Debug|Any CPU.Build.0 = Debug|Any CPU
		{618F52E2-40E5-46F6-BEDF-23C835A6B0EA}.Debug|x64.ActiveCfg = Debug|Any CPU
		{618F52E2-40E5-46F6-BEDF-23C835A6B0EA}.Debug|x64.Build.0 = Debug|Any CPU
		{618F52E2-40E5-46F6-BEDF-23C835A6B0EA}.Debug|x86.ActiveCfg = Debug|Any CPU
		{618F52E2-40E5-46F6-BEDF-23C835A6B0EA}.Debug|x86.Build.0 = Debug|Any CPU
		{618F52E2-40E5-46F6-BEDF-23C835A6B0EA}.Release|Any CPU.ActiveCfg = Release|Any CPU
		{618F52E2-40E5-46F6-BEDF-23C835A6B0EA}.Release|Any CPU.Build.0 = Release|Any CPU
		{618F52E2-40E5-46F6-BEDF-23C835A6B0EA}.Release|x64.ActiveCfg = Release|Any CPU
		{618F52E2-40E5-46F6-BEDF-23C835A6B0EA}.Release|x64.Build.0 = Release|Any CPU
		{618F52E2-40E5-46F6-BEDF-23C835A6B0EA}.Release|x86.ActiveCfg = Release|Any CPU
		{618F52E2-40E5-46F6-BEDF-23C835A6B0EA}.Release|x86.Build.0 = Release|Any CPU
		{B64C1B6A-0E4A-4238-8CB1-8DC3AFD26864}.Debug|Any CPU.ActiveCfg = Debug|Any CPU
		{B64C1B6A-0E4A-4238-8CB1-8DC3AFD26864}.Debug|Any CPU.Build.0 = Debug|Any CPU
		{B64C1B6A-0E4A-4238-8CB1-8DC3AFD26864}.Debug|x64.ActiveCfg = Debug|Any CPU
		{B64C1B6A-0E4A-4238-8CB1-8DC3AFD26864}.Debug|x64.Build.0 = Debug|Any CPU
		{B64C1B6A-0E4A-4238-8CB1-8DC3AFD26864}.Debug|x86.ActiveCfg = Debug|Any CPU
		{B64C1B6A-0E4A-4238-8CB1-8DC3AFD26864}.Debug|x86.Build.0 = Debug|Any CPU
		{B64C1B6A-0E4A-4238-8CB1-8DC3AFD26864}.Release|Any CPU.ActiveCfg = Release|Any CPU
		{B64C1B6A-0E4A-4238-8CB1-8DC3AFD26864}.Release|Any CPU.Build.0 = Release|Any CPU
		{B64C1B6A-0E4A-4238-8CB1-8DC3AFD26864}.Release|x64.ActiveCfg = Release|Any CPU
		{B64C1B6A-0E4A-4238-8CB1-8DC3AFD26864}.Release|x64.Build.0 = Release|Any CPU
		{B64C1B6A-0E4A-4238-8CB1-8DC3AFD26864}.Release|x86.ActiveCfg = Release|Any CPU
		{B64C1B6A-0E4A-4238-8CB1-8DC3AFD26864}.Release|x86.Build.0 = Release|Any CPU
		{2FA62752-4FB2-4FC6-941E-274F8E77170B}.Debug|Any CPU.ActiveCfg = Debug|Any CPU
		{2FA62752-4FB2-4FC6-941E-274F8E77170B}.Debug|Any CPU.Build.0 = Debug|Any CPU
		{2FA62752-4FB2-4FC6-941E-274F8E77170B}.Debug|x64.ActiveCfg = Debug|Any CPU
		{2FA62752-4FB2-4FC6-941E-274F8E77170B}.Debug|x64.Build.0 = Debug|Any CPU
		{2FA62752-4FB2-4FC6-941E-274F8E77170B}.Debug|x86.ActiveCfg = Debug|Any CPU
		{2FA62752-4FB2-4FC6-941E-274F8E77170B}.Debug|x86.Build.0 = Debug|Any CPU
		{2FA62752-4FB2-4FC6-941E-274F8E77170B}.Release|Any CPU.ActiveCfg = Release|Any CPU
		{2FA62752-4FB2-4FC6-941E-274F8E77170B}.Release|Any CPU.Build.0 = Release|Any CPU
		{2FA62752-4FB2-4FC6-941E-274F8E77170B}.Release|x64.ActiveCfg = Release|Any CPU
		{2FA62752-4FB2-4FC6-941E-274F8E77170B}.Release|x64.Build.0 = Release|Any CPU
		{2FA62752-4FB2-4FC6-941E-274F8E77170B}.Release|x86.ActiveCfg = Release|Any CPU
		{2FA62752-4FB2-4FC6-941E-274F8E77170B}.Release|x86.Build.0 = Release|Any CPU
		{0D04EE38-6A7F-4675-97A5-87A693883E91}.Debug|Any CPU.ActiveCfg = Debug|Any CPU
		{0D04EE38-6A7F-4675-97A5-87A693883E91}.Debug|Any CPU.Build.0 = Debug|Any CPU
		{0D04EE38-6A7F-4675-97A5-87A693883E91}.Debug|x64.ActiveCfg = Debug|Any CPU
		{0D04EE38-6A7F-4675-97A5-87A693883E91}.Debug|x64.Build.0 = Debug|Any CPU
		{0D04EE38-6A7F-4675-97A5-87A693883E91}.Debug|x86.ActiveCfg = Debug|Any CPU
		{0D04EE38-6A7F-4675-97A5-87A693883E91}.Debug|x86.Build.0 = Debug|Any CPU
		{0D04EE38-6A7F-4675-97A5-87A693883E91}.Release|Any CPU.ActiveCfg = Release|Any CPU
		{0D04EE38-6A7F-4675-97A5-87A693883E91}.Release|Any CPU.Build.0 = Release|Any CPU
		{0D04EE38-6A7F-4675-97A5-87A693883E91}.Release|x64.ActiveCfg = Release|Any CPU
		{0D04EE38-6A7F-4675-97A5-87A693883E91}.Release|x64.Build.0 = Release|Any CPU
		{0D04EE38-6A7F-4675-97A5-87A693883E91}.Release|x86.ActiveCfg = Release|Any CPU
		{0D04EE38-6A7F-4675-97A5-87A693883E91}.Release|x86.Build.0 = Release|Any CPU
		{11CBB362-4B67-4C80-83B9-664DB7859CA3}.Debug|Any CPU.ActiveCfg = Debug|Any CPU
		{11CBB362-4B67-4C80-83B9-664DB7859CA3}.Debug|Any CPU.Build.0 = Debug|Any CPU
		{11CBB362-4B67-4C80-83B9-664DB7859CA3}.Debug|x64.ActiveCfg = Debug|Any CPU
		{11CBB362-4B67-4C80-83B9-664DB7859CA3}.Debug|x64.Build.0 = Debug|Any CPU
		{11CBB362-4B67-4C80-83B9-664DB7859CA3}.Debug|x86.ActiveCfg = Debug|Any CPU
		{11CBB362-4B67-4C80-83B9-664DB7859CA3}.Debug|x86.Build.0 = Debug|Any CPU
		{11CBB362-4B67-4C80-83B9-664DB7859CA3}.Release|Any CPU.ActiveCfg = Release|Any CPU
		{11CBB362-4B67-4C80-83B9-664DB7859CA3}.Release|Any CPU.Build.0 = Release|Any CPU
		{11CBB362-4B67-4C80-83B9-664DB7859CA3}.Release|x64.ActiveCfg = Release|Any CPU
		{11CBB362-4B67-4C80-83B9-664DB7859CA3}.Release|x64.Build.0 = Release|Any CPU
		{11CBB362-4B67-4C80-83B9-664DB7859CA3}.Release|x86.ActiveCfg = Release|Any CPU
		{11CBB362-4B67-4C80-83B9-664DB7859CA3}.Release|x86.Build.0 = Release|Any CPU
		{B4C4EE8B-B379-4BF8-A2A8-F8C8AFEEB8C5}.Debug|Any CPU.ActiveCfg = Debug|Any CPU
		{B4C4EE8B-B379-4BF8-A2A8-F8C8AFEEB8C5}.Debug|Any CPU.Build.0 = Debug|Any CPU
		{B4C4EE8B-B379-4BF8-A2A8-F8C8AFEEB8C5}.Debug|x64.ActiveCfg = Debug|Any CPU
		{B4C4EE8B-B379-4BF8-A2A8-F8C8AFEEB8C5}.Debug|x64.Build.0 = Debug|Any CPU
		{B4C4EE8B-B379-4BF8-A2A8-F8C8AFEEB8C5}.Debug|x86.ActiveCfg = Debug|Any CPU
		{B4C4EE8B-B379-4BF8-A2A8-F8C8AFEEB8C5}.Debug|x86.Build.0 = Debug|Any CPU
		{B4C4EE8B-B379-4BF8-A2A8-F8C8AFEEB8C5}.Release|Any CPU.ActiveCfg = Release|Any CPU
		{B4C4EE8B-B379-4BF8-A2A8-F8C8AFEEB8C5}.Release|Any CPU.Build.0 = Release|Any CPU
		{B4C4EE8B-B379-4BF8-A2A8-F8C8AFEEB8C5}.Release|x64.ActiveCfg = Release|Any CPU
		{B4C4EE8B-B379-4BF8-A2A8-F8C8AFEEB8C5}.Release|x64.Build.0 = Release|Any CPU
		{B4C4EE8B-B379-4BF8-A2A8-F8C8AFEEB8C5}.Release|x86.ActiveCfg = Release|Any CPU
		{B4C4EE8B-B379-4BF8-A2A8-F8C8AFEEB8C5}.Release|x86.Build.0 = Release|Any CPU
	EndGlobalSection
	GlobalSection(NestedProjects) = preSolution
		{618F52E2-40E5-46F6-BEDF-23C835A6B0EA} = {33D69D40-D1CC-49A2-868F-A61315B369ED}
		{B64C1B6A-0E4A-4238-8CB1-8DC3AFD26864} = {33D69D40-D1CC-49A2-868F-A61315B369ED}
		{2FA62752-4FB2-4FC6-941E-274F8E77170B} = {33D69D40-D1CC-49A2-868F-A61315B369ED}
		{0D04EE38-6A7F-4675-97A5-87A693883E91} = {33D69D40-D1CC-49A2-868F-A61315B369ED}
		{11CBB362-4B67-4C80-83B9-664DB7859CA3} = {33D69D40-D1CC-49A2-868F-A61315B369ED}
		{B4C4EE8B-B379-4BF8-A2A8-F8C8AFEEB8C5} = {33D69D40-D1CC-49A2-868F-A61315B369ED}
	EndGlobalSection
EndGlobal
